<?xml version="1.0" encoding="utf-8"?>
<Project ToolsVersion="4.0" xmlns="http://schemas.microsoft.com/developer/msbuild/2003">
  <ItemGroup>
    <ClCompile Include="..\Source\Animation.cpp" />
    <ClCompile Include="..\Source\Billboard.cpp" />
    <ClCompile Include="..\Source\Camera.cpp" />
    <ClCompile Include="..\Source\CubeModel.cpp" />
    <ClCompile Include="..\Source\EventManager.cpp" />
    <ClCompile Include="..\Source\FireFX.cpp" />
    <ClCompile Include="..\Source\FirstPersonCamera.cpp" />
    <ClCompile Include="..\Source\main.cpp" />
    <ClCompile Include="..\Source\Model.cpp" />
    <ClCompile Include="..\Source\ParticleDescriptor.cpp" />
    <ClCompile Include="..\Source\ParticleEmitter.cpp" />
    <ClCompile Include="..\Source\ParticleSystem.cpp" />
    <ClCompile Include="..\Source\Renderer.cpp" />
    <ClCompile Include="..\Source\SphereModel.cpp" />
    <ClCompile Include="..\Source\StaticCamera.cpp" />
    <ClCompile Include="..\Source\TextureLoader.cpp" />
    <ClCompile Include="..\Source\World.cpp" />
    <ClCompile Include="..\Source\Skybox.cpp" />
  </ItemGroup>
  <ItemGroup>
    <ClInclude Include="..\Source\Animation.h" />
    <ClInclude Include="..\Source\Billboard.h" />
    <ClInclude Include="..\Source\Camera.h" />
    <ClInclude Include="..\Source\CubeModel.h" />
    <ClInclude Include="..\Source\EventManager.h" />
    <ClInclude Include="..\Source\FireFX.h" />
    <ClInclude Include="..\Source\FirstPersonCamera.h" />
    <ClInclude Include="..\Source\Model.h" />
    <ClInclude Include="..\Source\OBJloader.h" />
    <ClInclude Include="..\Source\OBJloaderV2.h" />
    <ClInclude Include="..\Source\ParsingHelper.h" />
    <ClInclude Include="..\Source\ParticleDescriptor.h" />
    <ClInclude Include="..\Source\ParticleEmitter.h" />
    <ClInclude Include="..\Source\ParticleSystem.h" />
    <ClInclude Include="..\Source\Renderer.h" />
    <ClInclude Include="..\Source\SphereModel.h" />
    <ClInclude Include="..\Source\StaticCamera.h" />
    <ClInclude Include="..\Source\TextureLoader.h" />
    <ClInclude Include="..\Source\World.h" />
    <ClInclude Include="..\Source\Skybox.h" />
  </ItemGroup>
  <ItemGroup>
    <Image Include="..\Assets\Textures\BillboardTest.bmp" />
    <Image Include="..\Assets\Textures\Particle.png" />
    <Image Include="..\Assets\Textures\mercury_bk.tga">
      <Filter>Assets\Textures</Filter>
    </Image>
    <Image Include="..\Assets\Textures\mercury_dn.tga">
      <Filter>Assets\Textures</Filter>
    </Image>
    <Image Include="..\Assets\Textures\mercury_ft.tga">
      <Filter>Assets\Textures</Filter>
    </Image>
    <Image Include="..\Assets\Textures\mercury_lf.tga">
      <Filter>Assets\Textures</Filter>
    </Image>
    <Image Include="..\Assets\Textures\mercury_rt.tga">
      <Filter>Assets\Textures</Filter>
    </Image>
    <Image Include="..\Assets\Textures\mercury_up.tga">
      <Filter>Assets\Textures</Filter>
    </Image>
  </ItemGroup>
  <ItemGroup>
    <None Include="..\Assets\Scenes\AnimatedScene.scene" />
    <None Include="..\Assets\Scenes\AnimatedSceneWithParticles.scene" />
    <None Include="..\Assets\Scenes\CoordinateSystem.scene" />
    <None Include="..\Assets\Scenes\FireFX.scene" />
    <None Include="..\Assets\Scenes\StaticScene.scene" />
    <None Include="..\Assets\Shaders\BlueColor.fragmentshader" />
    <None Include="..\Assets\Shaders\PathLines.fragmentshader" />
    <None Include="..\Assets\Shaders\PathLines.vertexshader" />
    <None Include="..\Assets\Shaders\SolidColor.fragmentshader" />
    <None Include="..\Assets\Shaders\SolidColor.vertexshader" />
    <None Include="..\Assets\Shaders\Texture.fragmentshader" />
    <None Include="..\Assets\Shaders\Texture.vertexshader" />
    <None Include="..\Assets\Shaders\CubeMapTexture.fragmentshader">
      <Filter>Assets\Shaders</Filter>
    </None>
    <None Include="..\Assets\Shaders\CubeMapTexture.vertexshader">
      <Filter>Assets\Shaders</Filter>
    </None>
    <None Include="..\Assets\Shaders\SolidwithLight.fragmentshader">
      <Filter>Assets\Shaders</Filter>
    </None>
    <None Include="..\Assets\Shaders\SolidwithLight.vertexshader">
      <Filter>Assets\Shaders</Filter>
    </None>
  </ItemGroup>
  <ItemGroup>
    <Filter Include="Assets">
      <UniqueIdentifier>{5b85aced-2ba2-4664-9445-8e00b1ca15fb}</UniqueIdentifier>
    </Filter>
    <Filter Include="Assets\Shaders">
      <UniqueIdentifier>{e2d403d5-47f8-4d73-827e-a08066a95c44}</UniqueIdentifier>
    </Filter>
    <Filter Include="Assets\Textures">
      <UniqueIdentifier>{6883ccfc-f992-4b77-b1e1-9cacd0d53635}</UniqueIdentifier>
    </Filter>
  </ItemGroup>
</Project>