<?xml version="1.0" encoding="utf-8"?>
<Project ToolsVersion="4.0" xmlns="http://schemas.microsoft.com/developer/msbuild/2003">
  <ItemGroup>
    <Filter Include="Source Files">
      <UniqueIdentifier>{4FC737F1-C7A5-4376-A066-2A32D752A2FF}</UniqueIdentifier>
      <Extensions>cpp;c;cc;cxx;def;odl;idl;hpj;bat;asm;asmx</Extensions>
    </Filter>
    <Filter Include="Header Files">
      <UniqueIdentifier>{93995380-89BD-4b04-88EB-625FBE52EBFB}</UniqueIdentifier>
      <Extensions>h;hh;hpp;hxx;hm;inl;inc;ipp;xsd</Extensions>
    </Filter>
    <Filter Include="Resource Files">
      <UniqueIdentifier>{67DA6AB6-F800-4c08-8B7A-83BB121AAD01}</UniqueIdentifier>
      <Extensions>rc;ico;cur;bmp;dlg;rc2;rct;bin;rgs;gif;jpg;jpeg;jpe;resx;tiff;tif;png;wav;mfcribbon-ms</Extensions>
    </Filter>
    <Filter Include="sources">
      <UniqueIdentifier>{45d8192a-42f9-4b1e-bbf4-f7bc492ed16d}</UniqueIdentifier>
    </Filter>
    <Filter Include="sources\shaders">
      <UniqueIdentifier>{d4182100-e06c-4fa6-ab67-4a9e4e620ab1}</UniqueIdentifier>
    </Filter>
    <Filter Include="sources\Textures">
      <UniqueIdentifier>{222d7028-e5d1-4001-92db-427fd0dac4ea}</UniqueIdentifier>
    </Filter>
    <Filter Include="sources\Textures\skybox">
      <UniqueIdentifier>{f0eaa8ff-78f6-4adf-9a85-f8f24fc91574}</UniqueIdentifier>
    </Filter>
    <Filter Include="sources\Sound">
      <UniqueIdentifier>{e4a9eec4-3a53-4cd0-933e-d95887ae4354}</UniqueIdentifier>
    </Filter>
  </ItemGroup>
  <ItemGroup>
    <ClCompile Include="main.cpp">
      <Filter>Source Files</Filter>
    </ClCompile>
    <ClCompile Include="stb.cpp">
      <Filter>Source Files</Filter>
    </ClCompile>
    <ClCompile Include="..\thirdParty\glad.c">
      <Filter>Source Files</Filter>
    </ClCompile>
  </ItemGroup>
  <ItemGroup>
    <ClInclude Include="stb_image.h">
      <Filter>Header Files</Filter>
    </ClInclude>
    <ClInclude Include="mesh.h">
      <Filter>Header Files</Filter>
    </ClInclude>
    <ClInclude Include="model.h">
      <Filter>Header Files</Filter>
    </ClInclude>
    <ClInclude Include="mycamera.h">
      <Filter>Header Files</Filter>
    </ClInclude>
    <ClInclude Include="shaderProgram.h">
      <Filter>Header Files</Filter>
    </ClInclude>
  </ItemGroup>
  <ItemGroup>
    <None Include="..\sources\shaders\Cubemap.vertexshader">
      <Filter>sources\shaders</Filter>
    </None>
    <None Include="..\sources\shaders\Skybox.fragmentshader">
      <Filter>sources\shaders</Filter>
    </None>
    <None Include="..\sources\shaders\Skybox.vertexshader">
      <Filter>sources\shaders</Filter>
    </None>
    <None Include="..\sources\shaders\Cubemap.fragmentshader">
      <Filter>sources\shaders</Filter>
    </None>
  </ItemGroup>
  <ItemGroup>
    <Image Include="..\sources\Textures\skybox\mercury_bk.tga">
      <Filter>sources\Textures\skybox</Filter>
    </Image>
    <Image Include="..\sources\Textures\skybox\mercury_dn.tga">
      <Filter>sources\Textures\skybox</Filter>
    </Image>
    <Image Include="..\sources\Textures\skybox\mercury_ft.tga">
      <Filter>sources\Textures\skybox</Filter>
    </Image>
    <Image Include="..\sources\Textures\skybox\mercury_lf.tga">
      <Filter>sources\Textures\skybox</Filter>
    </Image>
    <Image Include="..\sources\Textures\skybox\mercury_rt.tga">
      <Filter>sources\Textures\skybox</Filter>
    </Image>
    <Image Include="..\sources\Textures\skybox\mercury_up.tga">
      <Filter>sources\Textures\skybox</Filter>
    </Image>
  </ItemGroup>
  <ItemGroup>
    <Media Include="..\sources\Sound\1. The Black Temple.mp3">
      <Filter>sources\Sound</Filter>
    </Media>
    <Media Include="..\sources\Sound\yanp.mp3">
      <Filter>sources\Sound</Filter>
    </Media>
  </ItemGroup>
</Project>