<?xml version="1.0" encoding="utf-8"?>
<Project ToolsVersion="4.0" xmlns="http://schemas.microsoft.com/developer/msbuild/2003">
  <ItemGroup>
    <Filter Include="Source Files">
      <UniqueIdentifier>{4FC737F1-C7A5-4376-A066-2A32D752A2FF}</UniqueIdentifier>
      <Extensions>cpp;c;cc;cxx;def;odl;idl;hpj;bat;asm;asmx</Extensions>
    </Filter>
    <Filter Include="Header Files">
      <UniqueIdentifier>{93995380-89BD-4b04-88EB-625FBE52EBFB}</UniqueIdentifier>
      <Extensions>h;hh;hpp;hxx;hm;inl;inc;ipp;xsd</Extensions>
    </Filter>
    <Filter Include="Resource Files">
      <UniqueIdentifier>{67DA6AB6-F800-4c08-8B7A-83BB121AAD01}</UniqueIdentifier>
      <Extensions>rc;ico;cur;bmp;dlg;rc2;rct;bin;rgs;gif;jpg;jpeg;jpe;resx;tiff;tif;png;wav;mfcribbon-ms</Extensions>
    </Filter>
    <Filter Include="Assets">
      <UniqueIdentifier>{221b4bf3-c298-4fa6-b518-387a7c1f2971}</UniqueIdentifier>
    </Filter>
    <Filter Include="Assets\Textures">
      <UniqueIdentifier>{c5fac33f-9a8d-4f53-b4bb-fdfe9104f564}</UniqueIdentifier>
    </Filter>
    <Filter Include="Assets\Shaders">
      <UniqueIdentifier>{5c400a69-56ae-4bd6-8032-0074abe2f080}</UniqueIdentifier>
    </Filter>
    <Filter Include="Assets\Textures\skybox">
      <UniqueIdentifier>{1461c59a-3cc6-4931-9f9d-abcc615c7461}</UniqueIdentifier>
    </Filter>
  </ItemGroup>
  <ItemGroup>
    <ClCompile Include="..\..\..\glad.c">
      <Filter>Source Files</Filter>
    </ClCompile>
    <ClCompile Include="main.cpp">
      <Filter>Source Files</Filter>
    </ClCompile>
  </ItemGroup>
  <ItemGroup>
    <ClInclude Include="Camera.h">
      <Filter>Resource Files</Filter>
    </ClInclude>
    <ClInclude Include="Model.h">
      <Filter>Resource Files</Filter>
    </ClInclude>
    <ClInclude Include="Mesh.h">
      <Filter>Resource Files</Filter>
    </ClInclude>
    <ClInclude Include="Shader.h">
      <Filter>Resource Files</Filter>
    </ClInclude>
    <ClInclude Include="stb_image.h">
      <Filter>Resource Files</Filter>
    </ClInclude>
  </ItemGroup>
  <ItemGroup>
    <None Include="..\Assets\Shaders\Cubemap.fragmentshader">
      <Filter>Assets\Shaders</Filter>
    </None>
    <None Include="..\Assets\Shaders\Cubemap.vertexshader">
      <Filter>Assets\Shaders</Filter>
    </None>
    <None Include="..\Assets\Shaders\Skybox.fragmentshader">
      <Filter>Assets\Shaders</Filter>
    </None>
    <None Include="..\Assets\Shaders\Skybox.vertexshader">
      <Filter>Assets\Shaders</Filter>
    </None>
  </ItemGroup>
  <ItemGroup>
    <Image Include="..\Assets\Textures\bottom.jpg">
      <Filter>Assets\Textures\skybox</Filter>
    </Image>
    <Image Include="..\Assets\Textures\front.jpg">
      <Filter>Assets\Textures\skybox</Filter>
    </Image>
    <Image Include="..\Assets\Textures\left.jpg">
      <Filter>Assets\Textures\skybox</Filter>
    </Image>
    <Image Include="..\Assets\Textures\right.jpg">
      <Filter>Assets\Textures\skybox</Filter>
    </Image>
    <Image Include="..\Assets\Textures\top.jpg">
      <Filter>Assets\Textures\skybox</Filter>
    </Image>
    <Image Include="..\Assets\Textures\back.jpg">
      <Filter>Assets\Textures\skybox</Filter>
    </Image>
    <Image Include="..\Assets\Textures\skybox\mercury_lf.tga">
      <Filter>Assets\Textures\skybox</Filter>
    </Image>
    <Image Include="..\Assets\Textures\skybox\mercury_rt.tga">
      <Filter>Assets\Textures\skybox</Filter>
    </Image>
    <Image Include="..\Assets\Textures\skybox\mercury_up.tga">
      <Filter>Assets\Textures\skybox</Filter>
    </Image>
    <Image Include="..\Assets\Textures\skybox\mercury_bk.tga">
      <Filter>Assets\Textures\skybox</Filter>
    </Image>
    <Image Include="..\Assets\Textures\skybox\mercury_dn.tga">
      <Filter>Assets\Textures\skybox</Filter>
    </Image>
    <Image Include="..\Assets\Textures\skybox\mercury_ft.tga">
      <Filter>Assets\Textures\skybox</Filter>
    </Image>
  </ItemGroup>
</Project>